
Microsoft Visual Studio Solution File, Format Version 11.00
# Visual Studio 2010
Project("{FAE04EC0-301F-11D3-BF4B-00C04F79EFBC}") = "MyGameLibrairy", "MyGameLibrairy\MyGameLibrairy.csproj", "{871ED0E8-7B95-4D5A-BC24-F7409C91026E}"
EndProject
Global
	GlobalSection(SolutionConfigurationPlatforms) = preSolution
		Debug|x86 = Debug|x86
		Release|x86 = Release|x86
	EndGlobalSection
	GlobalSection(ProjectConfigurationPlatforms) = postSolution
		{871ED0E8-7B95-4D5A-BC24-F7409C91026E}.Debug|x86.ActiveCfg = Debug|x86
		{871ED0E8-7B95-4D5A-BC24-F7409C91026E}.Debug|x86.Build.0 = Debug|x86
		{871ED0E8-7B95-4D5A-BC24-F7409C91026E}.Release|x86.ActiveCfg = Release|x86
		{871ED0E8-7B95-4D5A-BC24-F7409C91026E}.Release|x86.Build.0 = Release|x86
	EndGlobalSection
	GlobalSection(SolutionProperties) = preSolution
		HideSolutionNode = FALSE
	EndGlobalSection
EndGlobal
